{
  "lockfileVersion": 1,
  "configVersion": 0,
  "workspaces": {
    "": {
      "name": "sync",
      "devDependencies": {
        "@types/bun": "latest",
        "typescript": "^5",
      },
    },
    "packages/sync": {
      "name": "@k2b/sync",
      "version": "6.0.0",
      "dependencies": {
        "@nats-io/jetstream": "3.4.0",
        "@nats-io/kv": "3.4.0",
        "@nats-io/nats-core": "3.4.0",
        "@nats-io/obj": "3.4.0",
      },
      "devDependencies": {
        "@nats-io/transport-node": "3.4.0",
      },
      "peerDependencies": {
        "typescript": "^5",
      },
    },
  },
  "packages": {
    "@k2b/sync": ["@k2b/sync@workspace:packages/sync"],

    "@nats-io/jetstream": ["@nats-io/jetstream@3.4.0", "", { "dependencies": { "@nats-io/nats-core": "3.4.0" } }, "sha512-GzHQodNJ942+R5LRb8PuZ5ugVWVWMRiufxUYLLVWkXKfwDXYN+Owo0d7L/b9O7BPyrbYD7jQWAC6+ZVuXa9Gyw=="],

    "@nats-io/kv": ["@nats-io/kv@3.4.0", "", { "dependencies": { "@nats-io/jetstream": "3.4.0", "@nats-io/nats-core": "3.4.0" } }, "sha512-168pcRJxWcIRHwdyczI3DaGk5r3CAj3CyKXuk4Nmx5KKj7N1znQOJPIxCoV0TPlAvoTidVb7eBv41J9imapMeQ=="],

    "@nats-io/nats-core": ["@nats-io/nats-core@3.4.0", "", { "dependencies": { "@nats-io/nkeys": "2.0.3", "@nats-io/nuid": "3.0.0" } }, "sha512-QMDM86EUNm+wudlKC67HLar/KHHQUvJGLfb4jbahje3pUk3K9afeck9fwsxBZF0eUFox6T/TA6m/t+lQqf+QsQ=="],

    "@nats-io/nkeys": ["@nats-io/nkeys@2.0.3", "", { "dependencies": { "tweetnacl": "^1.0.3" } }, "sha512-JVt56GuE6Z89KUkI4TXUbSI9fmIfAmk6PMPknijmuL72GcD+UgIomTcRWiNvvJKxA01sBbmIPStqJs5cMRBC3A=="],

    "@nats-io/nuid": ["@nats-io/nuid@3.0.0", "", {}, "sha512-QbXZDrxmYlrn5AD06gYcUTmEHwxn96HBQMIk7XTjDlEcx6FPzVBBPjp4AMRh1lEv6B4iJ6Xb/Uz61JugPXFRQg=="],

    "@nats-io/obj": ["@nats-io/obj@3.4.0", "", { "dependencies": { "@nats-io/jetstream": "3.4.0", "@nats-io/nats-core": "3.4.0", "js-sha256": "^0.11.1" } }, "sha512-zQRyrbxVtapKtqlxcA7qiMBN5aoo1aqSLNHyTZY9d6xBmBAYsw7sfYfSdHSguiR7GXtEjFgFnynTcv7Rw9MIrg=="],

    "@nats-io/transport-node": ["@nats-io/transport-node@3.4.0", "", { "dependencies": { "@nats-io/nats-core": "3.4.0", "@nats-io/nkeys": "2.0.3", "@nats-io/nuid": "3.0.0" } }, "sha512-hH7u7ejIBTFEJIZ8rIcMrHJI6wl+HhpO5sVFs1+ppmXa8RuB2+Lh1+UwTzZ5xTNNm1TKcRkYy+2qCV56qp8RxA=="],

    "@types/bun": ["@types/bun@1.3.8", "", { "dependencies": { "bun-types": "1.3.8" } }, "sha512-3LvWJ2q5GerAXYxO2mffLTqOzEu5qnhEAlh48Vnu8WQfnmSwbgagjGZV6BoHKJztENYEDn6QmVd949W4uESRJA=="],

    "@types/node": ["@types/node@25.1.0", "", { "dependencies": { "undici-types": "~7.16.0" } }, "sha512-t7frlewr6+cbx+9Ohpl0NOTKXZNV9xHRmNOvql47BFJKcEG1CxtxlPEEe+gR9uhVWM4DwhnvTF110mIL4yP9RA=="],

    "bun-types": ["bun-types@1.3.8", "", { "dependencies": { "@types/node": "*" } }, "sha512-fL99nxdOWvV4LqjmC+8Q9kW3M4QTtTR1eePs94v5ctGqU8OeceWrSUaRw3JYb7tU3FkMIAjkueehrHPPPGKi5Q=="],

    "js-sha256": ["js-sha256@0.11.1", "", {}, "sha512-o6WSo/LUvY2uC4j7mO50a2ms7E/EAdbP0swigLV+nzHKTTaYnaLIWJ02VdXrsJX0vGedDESQnLsOekr94ryfjg=="],

    "tweetnacl": ["tweetnacl@1.0.3", "", {}, "sha512-6rt+RN7aOi1nGMyC4Xa5DdYiukl2UWCbcJft7YhxReBGQD7OAM8Pbxw6YMo4r2diNEA8FEmu32YOn9rhaiE5yw=="],

    "typescript": ["typescript@5.9.3", "", { "bin": { "tsc": "bin/tsc", "tsserver": "bin/tsserver" } }, "sha512-jl1vZzPDinLr9eUt3J/t7V6FgNEw9QjvBPdysz9KfQDD41fQrC2Y4vKQdiaUpFT4bXlb1RHhLpp8wtm6M5TgSw=="],

    "undici-types": ["undici-types@7.16.0", "", {}, "sha512-Zz+aZWSj8LE6zoxD+xrjh4VfkIG8Ya6LvYkZqtUQGJPZjYl53ypCaUwWqo7eI0x66KBGeRo+mlBEkMSeSZ38Nw=="],
  }
}
